
Microsoft Visual Studio Solution File, Format Version 11.00
# Visual Studio 2010
Project("{FAE04EC0-301F-11D3-BF4B-00C04F79EFBC}") = "F1toPCO", "F1toPCO\F1toPCO.csproj", "{FF99499B-2219-4E45-8488-46D8F2ED80F3}"
EndProject
Global
	GlobalSection(SolutionConfigurationPlatforms) = preSolution
		ClientProfiles|Any CPU = ClientProfiles|Any CPU
		Debug|Any CPU = Debug|Any CPU
		Release|Any CPU = Release|Any CPU
	EndGlobalSection
	GlobalSection(ProjectConfigurationPlatforms) = postSolution
		{FF99499B-2219-4E45-8488-46D8F2ED80F3}.ClientProfiles|Any CPU.ActiveCfg = Release|Any CPU
		{FF99499B-2219-4E45-8488-46D8F2ED80F3}.ClientProfiles|Any CPU.Build.0 = Release|Any CPU
		{FF99499B-2219-4E45-8488-46D8F2ED80F3}.Debug|Any CPU.ActiveCfg = Debug|Any CPU
		{FF99499B-2219-4E45-8488-46D8F2ED80F3}.Debug|Any CPU.Build.0 = Debug|Any CPU
		{FF99499B-2219-4E45-8488-46D8F2ED80F3}.Release|Any CPU.ActiveCfg = Release|Any CPU
		{FF99499B-2219-4E45-8488-46D8F2ED80F3}.Release|Any CPU.Build.0 = Release|Any CPU
	EndGlobalSection
	GlobalSection(SolutionProperties) = preSolution
		HideSolutionNode = FALSE
	EndGlobalSection
EndGlobal
